
Microsoft Visual Studio Solution File, Format Version 12.00
# Visual Studio Version 17
VisualStudioVersion = 17.1.32328.378
MinimumVisualStudioVersion = 10.0.40219.1
Project("{FAE04EC0-301F-11D3-BF4B-00C04F79EFBC}") = "Threading", "Threading\Threading.csproj", "{784824CE-5FF6-4A59-AAAA-A2A655FD5E40}"
EndProject
Global
	GlobalSection(SolutionConfigurationPlatforms) = preSolution
		Debug|Any CPU = Debug|Any CPU
		Release|Any CPU = Release|Any CPU
	EndGlobalSection
	GlobalSection(ProjectConfigurationPlatforms) = postSolution
		{784824CE-5FF6-4A59-AAAA-A2A655FD5E40}.Debug|Any CPU.ActiveCfg = Debug|Any CPU
		{784824CE-5FF6-4A59-AAAA-A2A655FD5E40}.Debug|Any CPU.Build.0 = Debug|Any CPU
		{784824CE-5FF6-4A59-AAAA-A2A655FD5E40}.Release|Any CPU.ActiveCfg = Release|Any CPU
		{784824CE-5FF6-4A59-AAAA-A2A655FD5E40}.Release|Any CPU.Build.0 = Release|Any CPU
	EndGlobalSection
	GlobalSection(SolutionProperties) = preSolution
		HideSolutionNode = FALSE
	EndGlobalSection
	GlobalSection(ExtensibilityGlobals) = postSolution
		SolutionGuid = {650E27C2-B3AE-4077-A0C0-DDFFC6C0596E}
	EndGlobalSection
EndGlobal
